<?xml version="1.0" encoding="utf-8"?>
<Project ToolsVersion="4.0" xmlns="http://schemas.microsoft.com/developer/msbuild/2003">
  <ItemGroup>
    <Filter Include="Archivos de código fuente">
      <UniqueIdentifier>{4FC737F1-C7A5-4376-A066-2A32D752A2FF}</UniqueIdentifier>
      <Extensions>cpp;c;cc;cxx;def;odl;idl;hpj;bat;asm;asmx</Extensions>
    </Filter>
    <Filter Include="Archivos de encabezado">
      <UniqueIdentifier>{93995380-89BD-4b04-88EB-625FBE52EBFB}</UniqueIdentifier>
      <Extensions>h;hh;hpp;hxx;hm;inl;inc;xsd</Extensions>
    </Filter>
    <Filter Include="Archivos de recursos">
      <UniqueIdentifier>{67DA6AB6-F800-4c08-8B7A-83BB121AAD01}</UniqueIdentifier>
      <Extensions>rc;ico;cur;bmp;dlg;rc2;rct;bin;rgs;gif;jpg;jpeg;jpe;resx;tiff;tif;png;wav;mfcribbon-ms</Extensions>
    </Filter>
  </ItemGroup>
  <ItemGroup>
    <ClCompile Include="karatsuba.c">
      <Filter>Archivos de código fuente</Filter>
    </ClCompile>
    <ClCompile Include="fsquares.c">
      <Filter>Archivos de código fuente</Filter>
    </ClCompile>
    <ClCompile Include="sqroot.c">
      <Filter>Archivos de código fuente</Filter>
    </ClCompile>
    <ClCompile Include="modmult.c">
      <Filter>Archivos de código fuente</Filter>
    </ClCompile>
    <ClCompile Include="baseconv.c">
      <Filter>Archivos de código fuente</Filter>
    </ClCompile>
    <ClCompile Include="test.c">
      <Filter>Archivos de código fuente</Filter>
    </ClCompile>
    <ClCompile Include="expression.c">
      <Filter>Archivos de código fuente</Filter>
    </ClCompile>
    <ClCompile Include="division.c">
      <Filter>Archivos de código fuente</Filter>
    </ClCompile>
    <ClCompile Include="fcubes.c">
      <Filter>Archivos de código fuente</Filter>
    </ClCompile>
    <ClCompile Include="contfrac.c">
      <Filter>Archivos de código fuente</Filter>
    </ClCompile>
    <ClCompile Include="polynomial.c">
      <Filter>Archivos de código fuente</Filter>
    </ClCompile>
    <ClCompile Include="polfact.c">
      <Filter>Archivos de código fuente</Filter>
    </ClCompile>
    <ClCompile Include="factor.c">
      <Filter>Archivos de código fuente</Filter>
    </ClCompile>
    <ClCompile Include="dilog.c">
      <Filter>Archivos de código fuente</Filter>
    </ClCompile>
    <ClCompile Include="partition.c">
      <Filter>Archivos de código fuente</Filter>
    </ClCompile>
    <ClCompile Include="GaussExpr.c">
      <Filter>Archivos de código fuente</Filter>
    </ClCompile>
    <ClCompile Include="gaussian.c">
      <Filter>Archivos de código fuente</Filter>
    </ClCompile>
    <ClCompile Include="errors.c">
      <Filter>Archivos de código fuente</Filter>
    </ClCompile>
    <ClCompile Include="siqs.c">
      <Filter>Archivos de código fuente</Filter>
    </ClCompile>
    <ClCompile Include="bignbr.c">
      <Filter>Archivos de código fuente</Filter>
    </ClCompile>
    <ClCompile Include="bigint.c">
      <Filter>Archivos de código fuente</Filter>
    </ClCompile>
    <ClCompile Include="ecmfront.c">
      <Filter>Archivos de código fuente</Filter>
    </ClCompile>
    <ClCompile Include="showtime.c">
      <Filter>Archivos de código fuente</Filter>
    </ClCompile>
    <ClCompile Include="quadmod.c">
      <Filter>Archivos de código fuente</Filter>
    </ClCompile>
    <ClCompile Include="inputstr.c">
      <Filter>Archivos de código fuente</Filter>
    </ClCompile>
    <ClCompile Include="batch.c">
      <Filter>Archivos de código fuente</Filter>
    </ClCompile>
    <ClCompile Include="quad.c">
      <Filter>Archivos de código fuente</Filter>
    </ClCompile>
  </ItemGroup>
  <ItemGroup>
    <ClInclude Include="polynomial.h">
      <Filter>Archivos de encabezado</Filter>
    </ClInclude>
    <ClInclude Include="showtime.h">
      <Filter>Archivos de encabezado</Filter>
    </ClInclude>
    <ClInclude Include="batch.h">
      <Filter>Archivos de encabezado</Filter>
    </ClInclude>
  </ItemGroup>
</Project>